
Microsoft Visual Studio Solution File, Format Version 12.00
# Visual Studio Version 17
VisualStudioVersion = 17.0.32002.185
MinimumVisualStudioVersion = 10.0.40219.1
Project("{FAE04EC0-301F-11D3-BF4B-00C04F79EFBC}") = "CICD-Project", "CICD-Project\CICD-Project.csproj", "{A3F3801A-733E-473A-A855-4364A3043F20}"
EndProject
Project("{E53339B2-1760-4266-BCC7-CA923CBCF16C}") = "docker-compose", "docker-compose.dcproj", "{68FCAE32-1D2E-4088-9B9B-5884F6837563}"
EndProject
Global
	GlobalSection(SolutionConfigurationPlatforms) = preSolution
		Debug|Any CPU = Debug|Any CPU
		Release|Any CPU = Release|Any CPU
	EndGlobalSection
	GlobalSection(ProjectConfigurationPlatforms) = postSolution
		{A3F3801A-733E-473A-A855-4364A3043F20}.Debug|Any CPU.ActiveCfg = Debug|Any CPU
		{A3F3801A-733E-473A-A855-4364A3043F20}.Debug|Any CPU.Build.0 = Debug|Any CPU
		{A3F3801A-733E-473A-A855-4364A3043F20}.Release|Any CPU.ActiveCfg = Release|Any CPU
		{A3F3801A-733E-473A-A855-4364A3043F20}.Release|Any CPU.Build.0 = Release|Any CPU
		{68FCAE32-1D2E-4088-9B9B-5884F6837563}.Debug|Any CPU.ActiveCfg = Debug|Any CPU
		{68FCAE32-1D2E-4088-9B9B-5884F6837563}.Debug|Any CPU.Build.0 = Debug|Any CPU
		{68FCAE32-1D2E-4088-9B9B-5884F6837563}.Release|Any CPU.ActiveCfg = Release|Any CPU
		{68FCAE32-1D2E-4088-9B9B-5884F6837563}.Release|Any CPU.Build.0 = Release|Any CPU
	EndGlobalSection
	GlobalSection(SolutionProperties) = preSolution
		HideSolutionNode = FALSE
	EndGlobalSection
	GlobalSection(ExtensibilityGlobals) = postSolution
		SolutionGuid = {B38921E8-6745-42FE-AD77-F4155A6DC8B5}
	EndGlobalSection
EndGlobal
